// !$*UTF8*$!
{
	archiveVersion = 1;
	classes = {
	};
	objectVersion = 46;
	objects = {

/* Begin PBXBuildFile section */
		247378861E0D6302000F7F2A /* AppDelegate.swift in Sources */ = {isa = PBXBuildFile; fileRef = 247378851E0D6302000F7F2A /* AppDelegate.swift */; };
		247378881E0D6302000F7F2A /* ViewController.swift in Sources */ = {isa = PBXBuildFile; fileRef = 247378871E0D6302000F7F2A /* ViewController.swift */; };
		2473788B1E0D6302000F7F2A /* Main.storyboard in Resources */ = {isa = PBXBuildFile; fileRef = 247378891E0D6302000F7F2A /* Main.storyboard */; };
		2473788D1E0D6302000F7F2A /* Assets.xcassets in Resources */ = {isa = PBXBuildFile; fileRef = 2473788C1E0D6302000F7F2A /* Assets.xcassets */; };
		247378901E0D6302000F7F2A /* LaunchScreen.storyboard in Resources */ = {isa = PBXBuildFile; fileRef = 2473788E1E0D6302000F7F2A /* LaunchScreen.storyboard */; };
		247378981E0D6369000F7F2A /* PhotoCollectionViewCell.swift in Sources */ = {isa = PBXBuildFile; fileRef = 247378971E0D6369000F7F2A /* PhotoCollectionViewCell.swift */; };
		2473789A1E0D656D000F7F2A /* PhotoZoomViewController.swift in Sources */ = {isa = PBXBuildFile; fileRef = 247378991E0D656D000F7F2A /* PhotoZoomViewController.swift */; };
		2473789C1E0D6591000F7F2A /* PhotoPageContainerViewController.swift in Sources */ = {isa = PBXBuildFile; fileRef = 2473789B1E0D6591000F7F2A /* PhotoPageContainerViewController.swift */; };
		2473789E1E0D6DB5000F7F2A /* ZoomAnimator.swift in Sources */ = {isa = PBXBuildFile; fileRef = 2473789D1E0D6DB5000F7F2A /* ZoomAnimator.swift */; };
		24C6D4721E14196A00F01715 /* ZoomDismissalInteractionController.swift in Sources */ = {isa = PBXBuildFile; fileRef = 24C6D4711E14196A00F01715 /* ZoomDismissalInteractionController.swift */; };
		24C6D4751E14FC6F00F01715 /* ZoomTransitionController.swift in Sources */ = {isa = PBXBuildFile; fileRef = 24C6D4741E14FC6F00F01715 /* ZoomTransitionController.swift */; };
/* End PBXBuildFile section */

/* Begin PBXFileReference section */
		247378821E0D6302000F7F2A /* FluidPhoto.app */ = {isa = PBXFileReference; explicitFileType = wrapper.application; includeInIndex = 0; path = FluidPhoto.app; sourceTree = BUILT_PRODUCTS_DIR; };
		247378851E0D6302000F7F2A /* AppDelegate.swift */ = {isa = PBXFileReference; lastKnownFileType = sourcecode.swift; path = AppDelegate.swift; sourceTree = "<group>"; };
		247378871E0D6302000F7F2A /* ViewController.swift */ = {isa = PBXFileReference; lastKnownFileType = sourcecode.swift; path = ViewController.swift; sourceTree = "<group>"; };
		2473788A1E0D6302000F7F2A /* Base */ = {isa = PBXFileReference; lastKnownFileType = file.storyboard; name = Base; path = Base.lproj/Main.storyboard; sourceTree = "<group>"; };
		2473788C1E0D6302000F7F2A /* Assets.xcassets */ = {isa = PBXFileReference; lastKnownFileType = folder.assetcatalog; path = Assets.xcassets; sourceTree = "<group>"; };
		2473788F1E0D6302000F7F2A /* Base */ = {isa = PBXFileReference; lastKnownFileType = file.storyboard; name = Base; path = Base.lproj/LaunchScreen.storyboard; sourceTree = "<group>"; };
		247378911E0D6302000F7F2A /* Info.plist */ = {isa = PBXFileReference; lastKnownFileType = text.plist.xml; path = Info.plist; sourceTree = "<group>"; };
		247378971E0D6369000F7F2A /* PhotoCollectionViewCell.swift */ = {isa = PBXFileReference; fileEncoding = 4; lastKnownFileType = sourcecode.swift; path = PhotoCollectionViewCell.swift; sourceTree = "<group>"; };
		247378991E0D656D000F7F2A /* PhotoZoomViewController.swift */ = {isa = PBXFileReference; fileEncoding = 4; lastKnownFileType = sourcecode.swift; path = PhotoZoomViewController.swift; sourceTree = "<group>"; };
		2473789B1E0D6591000F7F2A /* PhotoPageContainerViewController.swift */ = {isa = PBXFileReference; fileEncoding = 4; lastKnownFileType = sourcecode.swift; path = PhotoPageContainerViewController.swift; sourceTree = "<group>"; };
		2473789D1E0D6DB5000F7F2A /* ZoomAnimator.swift */ = {isa = PBXFileReference; fileEncoding = 4; lastKnownFileType = sourcecode.swift; path = ZoomAnimator.swift; sourceTree = "<group>"; };
		24C6D4711E14196A00F01715 /* ZoomDismissalInteractionController.swift */ = {isa = PBXFileReference; fileEncoding = 4; lastKnownFileType = sourcecode.swift; path = ZoomDismissalInteractionController.swift; sourceTree = "<group>"; };
		24C6D4741E14FC6F00F01715 /* ZoomTransitionController.swift */ = {isa = PBXFileReference; fileEncoding = 4; lastKnownFileType = sourcecode.swift; path = ZoomTransitionController.swift; sourceTree = "<group>"; };
/* End PBXFileReference section */

/* Begin PBXFrameworksBuildPhase section */
		2473787F1E0D6302000F7F2A /* Frameworks */ = {
			isa = PBXFrameworksBuildPhase;
			buildActionMask = 2147483647;
			files = (
			);
			runOnlyForDeploymentPostprocessing = 0;
		};
/* End PBXFrameworksBuildPhase section */

/* Begin PBXGroup section */
		244C0A3520A7F831002DCB64 /* Animation */ = {
			isa = PBXGroup;
			children = (
				2473789D1E0D6DB5000F7F2A /* ZoomAnimator.swift */,
				24C6D4711E14196A00F01715 /* ZoomDismissalInteractionController.swift */,
				24C6D4741E14FC6F00F01715 /* ZoomTransitionController.swift */,
			);
			path = Animation;
			sourceTree = "<group>";
		};
		244C0A3620A7F83D002DCB64 /* ViewController */ = {
			isa = PBXGroup;
			children = (
				2473789B1E0D6591000F7F2A /* PhotoPageContainerViewController.swift */,
				247378991E0D656D000F7F2A /* PhotoZoomViewController.swift */,
				247378871E0D6302000F7F2A /* ViewController.swift */,
			);
			path = ViewController;
			sourceTree = "<group>";
		};
		244C0A3720A7F847002DCB64 /* View */ = {
			isa = PBXGroup;
			children = (
				247378971E0D6369000F7F2A /* PhotoCollectionViewCell.swift */,
			);
			path = View;
			sourceTree = "<group>";
		};
		247378791E0D6302000F7F2A = {
			isa = PBXGroup;
			children = (
				247378841E0D6302000F7F2A /* FluidPhoto */,
				247378831E0D6302000F7F2A /* Products */,
			);
			sourceTree = "<group>";
		};
		247378831E0D6302000F7F2A /* Products */ = {
			isa = PBXGroup;
			children = (
				247378821E0D6302000F7F2A /* FluidPhoto.app */,
			);
			name = Products;
			sourceTree = "<group>";
		};
		247378841E0D6302000F7F2A /* FluidPhoto */ = {
			isa = PBXGroup;
			children = (
				244C0A3520A7F831002DCB64 /* Animation */,
				247378851E0D6302000F7F2A /* AppDelegate.swift */,
				2473788C1E0D6302000F7F2A /* Assets.xcassets */,
				247378911E0D6302000F7F2A /* Info.plist */,
				2473788E1E0D6302000F7F2A /* LaunchScreen.storyboard */,
				247378891E0D6302000F7F2A /* Main.storyboard */,
				244C0A3720A7F847002DCB64 /* View */,
				244C0A3620A7F83D002DCB64 /* ViewController */,
			);
			path = FluidPhoto;
			sourceTree = "<group>";
		};
/* End PBXGroup section */

/* Begin PBXNativeTarget section */
		247378811E0D6302000F7F2A /* FluidPhoto */ = {
			isa = PBXNativeTarget;
			buildConfigurationList = 247378941E0D6302000F7F2A /* Build configuration list for PBXNativeTarget "FluidPhoto" */;
			buildPhases = (
				2473787E1E0D6302000F7F2A /* Sources */,
				2473787F1E0D6302000F7F2A /* Frameworks */,
				247378801E0D6302000F7F2A /* Resources */,
			);
			buildRules = (
			);
			dependencies = (
			);
			name = FluidPhoto;
			productName = FluidPhoto;
			productReference = 247378821E0D6302000F7F2A /* FluidPhoto.app */;
			productType = "com.apple.product-type.application";
		};
/* End PBXNativeTarget section */

/* Begin PBXProject section */
		2473787A1E0D6302000F7F2A /* Project object */ = {
			isa = PBXProject;
			attributes = {
				LastSwiftUpdateCheck = 0820;
				LastUpgradeCheck = 0930;
				ORGANIZATIONNAME = "Masmichi Ueta";
				TargetAttributes = {
					247378811E0D6302000F7F2A = {
						CreatedOnToolsVersion = 8.2.1;
						LastSwiftMigration = 0930;
						ProvisioningStyle = Automatic;
					};
				};
			};
			buildConfigurationList = 2473787D1E0D6302000F7F2A /* Build configuration list for PBXProject "FluidPhoto" */;
			compatibilityVersion = "Xcode 3.2";
			developmentRegion = en;
			hasScannedForEncodings = 0;
			knownRegions = (
				en,
				Base,
			);
			mainGroup = 247378791E0D6302000F7F2A;
			productRefGroup = 247378831E0D6302000F7F2A /* Products */;
			projectDirPath = "";
			projectRoot = "";
			targets = (
				247378811E0D6302000F7F2A /* FluidPhoto */,
			);
		};
/* End PBXProject section */

/* Begin PBXResourcesBuildPhase section */
		247378801E0D6302000F7F2A /* Resources */ = {
			isa = PBXResourcesBuildPhase;
			buildActionMask = 2147483647;
			files = (
				247378901E0D6302000F7F2A /* LaunchScreen.storyboard in Resources */,
				2473788D1E0D6302000F7F2A /* Assets.xcassets in Resources */,
				2473788B1E0D6302000F7F2A /* Main.storyboard in Resources */,
			);
			runOnlyForDeploymentPostprocessing = 0;
		};
/* End PBXResourcesBuildPhase section */

/* Begin PBXSourcesBuildPhase section */
		2473787E1E0D6302000F7F2A /* Sources */ = {
			isa = PBXSourcesBuildPhase;
			buildActionMask = 2147483647;
			files = (
				2473789C1E0D6591000F7F2A /* PhotoPageContainerViewController.swift in Sources */,
				247378881E0D6302000F7F2A /* ViewController.swift in Sources */,
				247378861E0D6302000F7F2A /* AppDelegate.swift in Sources */,
				2473789A1E0D656D000F7F2A /* PhotoZoomViewController.swift in Sources */,
				247378981E0D6369000F7F2A /* PhotoCollectionViewCell.swift in Sources */,
				24C6D4751E14FC6F00F01715 /* ZoomTransitionController.swift in Sources */,
				24C6D4721E14196A00F01715 /* ZoomDismissalInteractionController.swift in Sources */,
				2473789E1E0D6DB5000F7F2A /* ZoomAnimator.swift in Sources */,
			);
			runOnlyForDeploymentPostprocessing = 0;
		};
/* End PBXSourcesBuildPhase section */

/* Begin PBXVariantGroup section */
		247378891E0D6302000F7F2A /* Main.storyboard */ = {
			isa = PBXVariantGroup;
			children = (
				2473788A1E0D6302000F7F2A /* Base */,
			);
			name = Main.storyboard;
			sourceTree = "<group>";
		};
		2473788E1E0D6302000F7F2A /* LaunchScreen.storyboard */ = {
			isa = PBXVariantGroup;
			children = (
				2473788F1E0D6302000F7F2A /* Base */,
			);
			name = LaunchScreen.storyboard;
			sourceTree = "<group>";
		};
/* End PBXVariantGroup section */

/* Begin XCBuildConfiguration section */
		247378921E0D6302000F7F2A /* Debug */ = {
			isa = XCBuildConfiguration;
			buildSettings = {
				ALWAYS_SEARCH_USER_PATHS = NO;
				CLANG_ANALYZER_NONNULL = YES;
				CLANG_CXX_LANGUAGE_STANDARD = "gnu++0x";
				CLANG_CXX_LIBRARY = "libc++";
				CLANG_ENABLE_MODULES = YES;
				CLANG_ENABLE_OBJC_ARC = YES;
				CLANG_WARN_BLOCK_CAPTURE_AUTORELEASING = YES;
				CLANG_WARN_BOOL_CONVERSION = YES;
				CLANG_WARN_COMMA = YES;
				CLANG_WARN_CONSTANT_CONVERSION = YES;
				CLANG_WARN_DEPRECATED_OBJC_IMPLEMENTATIONS = YES;
				CLANG_WARN_DIRECT_OBJC_ISA_USAGE = YES_ERROR;
				CLANG_WARN_DOCUMENTATION_COMMENTS = YES;
				CLANG_WARN_EMPTY_BODY = YES;
				CLANG_WARN_ENUM_CONVERSION = YES;
				CLANG_WARN_INFINITE_RECURSION = YES;
				CLANG_WARN_INT_CONVERSION = YES;
				CLANG_WARN_NON_LITERAL_NULL_CONVERSION = YES;
				CLANG_WARN_OBJC_IMPLICIT_RETAIN_SELF = YES;
				CLANG_WARN_OBJC_LITERAL_CONVERSION = YES;
				CLANG_WARN_OBJC_ROOT_CLASS = YES_ERROR;
				CLANG_WARN_RANGE_LOOP_ANALYSIS = YES;
				CLANG_WARN_STRICT_PROTOTYPES = YES;
				CLANG_WARN_SUSPICIOUS_MOVE = YES;
				CLANG_WARN_UNREACHABLE_CODE = YES;
				CLANG_WARN__DUPLICATE_METHOD_MATCH = YES;
				"CODE_SIGN_IDENTITY[sdk=iphoneos*]" = "iPhone Developer";
				COPY_PHASE_STRIP = NO;
				DEBUG_INFORMATION_FORMAT = dwarf;
				ENABLE_STRICT_OBJC_MSGSEND = YES;
				ENABLE_TESTABILITY = YES;
				GCC_C_LANGUAGE_STANDARD = gnu99;
				GCC_DYNAMIC_NO_PIC = NO;
				GCC_NO_COMMON_BLOCKS = YES;
				GCC_OPTIMIZATION_LEVEL = 0;
				GCC_PREPROCESSOR_DEFINITIONS = (
					"DEBUG=1",
					"$(inherited)",
				);
				GCC_WARN_64_TO_32_BIT_CONVERSION = YES;
				GCC_WARN_ABOUT_RETURN_TYPE = YES_ERROR;
				GCC_WARN_UNDECLARED_SELECTOR = YES;
				GCC_WARN_UNINITIALIZED_AUTOS = YES_AGGRESSIVE;
				GCC_WARN_UNUSED_FUNCTION = YES;
				GCC_WARN_UNUSED_VARIABLE = YES;
				IPHONEOS_DEPLOYMENT_TARGET = 11.0;
				MTL_ENABLE_DEBUG_INFO = YES;
				ONLY_ACTIVE_ARCH = YES;
				SDKROOT = iphoneos;
				SWIFT_ACTIVE_COMPILATION_CONDITIONS = DEBUG;
				SWIFT_OPTIMIZATION_LEVEL = "-Onone";
				TARGETED_DEVICE_FAMILY = "1,2";
			};
			name = Debug;
		};
		247378931E0D6302000F7F2A /* Release */ = {
			isa = XCBuildConfiguration;
			buildSettings = {
				ALWAYS_SEARCH_USER_PATHS = NO;
				CLANG_ANALYZER_NONNULL = YES;
				CLANG_CXX_LANGUAGE_STANDARD = "gnu++0x";
				CLANG_CXX_LIBRARY = "libc++";
				CLANG_ENABLE_MODULES = YES;
				CLANG_ENABLE_OBJC_ARC = YES;
				CLANG_WARN_BLOCK_CAPTURE_AUTORELEASING = YES;
				CLANG_WARN_BOOL_CONVERSION = YES;
				CLANG_WARN_COMMA = YES;
				CLANG_WARN_CONSTANT_CONVERSION = YES;
				CLANG_WARN_DEPRECATED_OBJC_IMPLEMENTATIONS = YES;
				CLANG_WARN_DIRECT_OBJC_ISA_USAGE = YES_ERROR;
				CLANG_WARN_DOCUMENTATION_COMMENTS = YES;
				CLANG_WARN_EMPTY_BODY = YES;
				CLANG_WARN_ENUM_CONVERSION = YES;
				CLANG_WARN_INFINITE_RECURSION = YES;
				CLANG_WARN_INT_CONVERSION = YES;
				CLANG_WARN_NON_LITERAL_NULL_CONVERSION = YES;
				CLANG_WARN_OBJC_IMPLICIT_RETAIN_SELF = YES;
				CLANG_WARN_OBJC_LITERAL_CONVERSION = YES;
				CLANG_WARN_OBJC_ROOT_CLASS = YES_ERROR;
				CLANG_WARN_RANGE_LOOP_ANALYSIS = YES;
				CLANG_WARN_STRICT_PROTOTYPES = YES;
				CLANG_WARN_SUSPICIOUS_MOVE = YES;
				CLANG_WARN_UNREACHABLE_CODE = YES;
				CLANG_WARN__DUPLICATE_METHOD_MATCH = YES;
				"CODE_SIGN_IDENTITY[sdk=iphoneos*]" = "iPhone Developer";
				COPY_PHASE_STRIP = NO;
				DEBUG_INFORMATION_FORMAT = "dwarf-with-dsym";
				ENABLE_NS_ASSERTIONS = NO;
				ENABLE_STRICT_OBJC_MSGSEND = YES;
				GCC_C_LANGUAGE_STANDARD = gnu99;
				GCC_NO_COMMON_BLOCKS = YES;
				GCC_WARN_64_TO_32_BIT_CONVERSION = YES;
				GCC_WARN_ABOUT_RETURN_TYPE = YES_ERROR;
				GCC_WARN_UNDECLARED_SELECTOR = YES;
				GCC_WARN_UNINITIALIZED_AUTOS = YES_AGGRESSIVE;
				GCC_WARN_UNUSED_FUNCTION = YES;
				GCC_WARN_UNUSED_VARIABLE = YES;
				IPHONEOS_DEPLOYMENT_TARGET = 11.0;
				MTL_ENABLE_DEBUG_INFO = NO;
				SDKROOT = iphoneos;
				SWIFT_OPTIMIZATION_LEVEL = "-Owholemodule";
				TARGETED_DEVICE_FAMILY = "1,2";
				VALIDATE_PRODUCT = YES;
			};
			name = Release;
		};
		247378951E0D6302000F7F2A /* Debug */ = {
			isa = XCBuildConfiguration;
			buildSettings = {
				ASSETCATALOG_COMPILER_APPICON_NAME = AppIcon;
				DEVELOPMENT_TEAM = "";
				INFOPLIST_FILE = FluidPhoto/Info.plist;
				IPHONEOS_DEPLOYMENT_TARGET = 10.0;
				LD_RUNPATH_SEARCH_PATHS = "$(inherited) @executable_path/Frameworks";
				PRODUCT_BUNDLE_IDENTIFIER = me.masamichi.FluidPhoto;
				PRODUCT_NAME = "$(TARGET_NAME)";
				SWIFT_SWIFT3_OBJC_INFERENCE = Default;
				SWIFT_VERSION = 5.0;
			};
			name = Debug;
		};
		247378961E0D6302000F7F2A /* Release */ = {
			isa = XCBuildConfiguration;
			buildSettings = {
				ASSETCATALOG_COMPILER_APPICON_NAME = AppIcon;
				DEVELOPMENT_TEAM = "";
				INFOPLIST_FILE = FluidPhoto/Info.plist;
				IPHONEOS_DEPLOYMENT_TARGET = 10.0;
				LD_RUNPATH_SEARCH_PATHS = "$(inherited) @executable_path/Frameworks";
				PRODUCT_BUNDLE_IDENTIFIER = me.masamichi.FluidPhoto;
				PRODUCT_NAME = "$(TARGET_NAME)";
				SWIFT_SWIFT3_OBJC_INFERENCE = Default;
				SWIFT_VERSION = 5.0;
			};
			name = Release;
		};
/* End XCBuildConfiguration section */

/* Begin XCConfigurationList section */
		2473787D1E0D6302000F7F2A /* Build configuration list for PBXProject "FluidPhoto" */ = {
			isa = XCConfigurationList;
			buildConfigurations = (
				247378921E0D6302000F7F2A /* Debug */,
				247378931E0D6302000F7F2A /* Release */,
			);
			defaultConfigurationIsVisible = 0;
			defaultConfigurationName = Release;
		};
		247378941E0D6302000F7F2A /* Build configuration list for PBXNativeTarget "FluidPhoto" */ = {
			isa = XCConfigurationList;
			buildConfigurations = (
				247378951E0D6302000F7F2A /* Debug */,
				247378961E0D6302000F7F2A /* Release */,
			);
			defaultConfigurationIsVisible = 0;
			defaultConfigurationName = Release;
		};
/* End XCConfigurationList section */
	};
	rootObject = 2473787A1E0D6302000F7F2A /* Project object */;
}
